PODS:
  - Alamofire (4.8.2)
  - Kingfisher (5.7.0)

DEPENDENCIES:
  - Alamofire
  - Kingfisher

SPEC REPOS:
  https://github.com/CocoaPods/Specs:
    - Alamofire
    - Kingfisher

SPEC CHECKSUMS:
  Alamofire: ae5c501addb7afdbb13687d7f2f722c78734c2d3
  Kingfisher: c7d211b54f1f30d8060aadab177d52b4349c825b

PODFILE CHECKSUM: f48566196c410c0ff07a0f56f96d961d17bd3a1b

COCOAPODS: 1.12.0
