// !$*UTF8*$!
{
	archiveVersion = 1;
	classes = {
	};
	objectVersion = 56;
	objects = {

/* Begin PBXBuildFile section */
		393FD08629D01196003292A9 /* AppDelegate.swift in Sources */ = {isa = PBXBuildFile; fileRef = 393FD08529D01196003292A9 /* AppDelegate.swift */; };
		393FD08829D01196003292A9 /* SceneDelegate.swift in Sources */ = {isa = PBXBuildFile; fileRef = 393FD08729D01196003292A9 /* SceneDelegate.swift */; };
		393FD08A29D01196003292A9 /* ViewController.swift in Sources */ = {isa = PBXBuildFile; fileRef = 393FD08929D01196003292A9 /* ViewController.swift */; };
		393FD08D29D01196003292A9 /* Main.storyboard in Resources */ = {isa = PBXBuildFile; fileRef = 393FD08B29D01196003292A9 /* Main.storyboard */; };
		393FD08F29D01198003292A9 /* Assets.xcassets in Resources */ = {isa = PBXBuildFile; fileRef = 393FD08E29D01198003292A9 /* Assets.xcassets */; };
		393FD09229D01198003292A9 /* LaunchScreen.storyboard in Resources */ = {isa = PBXBuildFile; fileRef = 393FD09029D01198003292A9 /* LaunchScreen.storyboard */; };
		395939A829D026720050CCEE /* Cignika-Bold.ttf in Resources */ = {isa = PBXBuildFile; fileRef = 395939A429D026720050CCEE /* Cignika-Bold.ttf */; };
		395939A929D026720050CCEE /* Cignika-Light.ttf in Resources */ = {isa = PBXBuildFile; fileRef = 395939A529D026720050CCEE /* Cignika-Light.ttf */; };
		395939AA29D026720050CCEE /* Cignika-Semibold.ttf in Resources */ = {isa = PBXBuildFile; fileRef = 395939A629D026720050CCEE /* Cignika-Semibold.ttf */; };
		395939AB29D026720050CCEE /* Cignika-Regular.ttf in Resources */ = {isa = PBXBuildFile; fileRef = 395939A729D026720050CCEE /* Cignika-Regular.ttf */; };
		395939AE29D032130050CCEE /* UIFont + Extension.swift in Sources */ = {isa = PBXBuildFile; fileRef = 395939AD29D032130050CCEE /* UIFont + Extension.swift */; };
		45F57F6889D98F469A6D7783 /* Pods_AutoLayoutCookProject.framework in Frameworks */ = {isa = PBXBuildFile; fileRef = 095E594CC8AF445B3005841E /* Pods_AutoLayoutCookProject.framework */; };
/* End PBXBuildFile section */

/* Begin PBXFileReference section */
		095E594CC8AF445B3005841E /* Pods_AutoLayoutCookProject.framework */ = {isa = PBXFileReference; explicitFileType = wrapper.framework; includeInIndex = 0; path = Pods_AutoLayoutCookProject.framework; sourceTree = BUILT_PRODUCTS_DIR; };
		393FD08229D01196003292A9 /* AutoLayoutCookProject.app */ = {isa = PBXFileReference; explicitFileType = wrapper.application; includeInIndex = 0; path = AutoLayoutCookProject.app; sourceTree = BUILT_PRODUCTS_DIR; };
		393FD08529D01196003292A9 /* AppDelegate.swift */ = {isa = PBXFileReference; lastKnownFileType = sourcecode.swift; path = AppDelegate.swift; sourceTree = "<group>"; };
		393FD08729D01196003292A9 /* SceneDelegate.swift */ = {isa = PBXFileReference; lastKnownFileType = sourcecode.swift; path = SceneDelegate.swift; sourceTree = "<group>"; };
		393FD08929D01196003292A9 /* ViewController.swift */ = {isa = PBXFileReference; lastKnownFileType = sourcecode.swift; path = ViewController.swift; sourceTree = "<group>"; };
		393FD08C29D01196003292A9 /* Base */ = {isa = PBXFileReference; lastKnownFileType = file.storyboard; name = Base; path = Base.lproj/Main.storyboard; sourceTree = "<group>"; };
		393FD08E29D01198003292A9 /* Assets.xcassets */ = {isa = PBXFileReference; lastKnownFileType = folder.assetcatalog; path = Assets.xcassets; sourceTree = "<group>"; };
		393FD09129D01198003292A9 /* Base */ = {isa = PBXFileReference; lastKnownFileType = file.storyboard; name = Base; path = Base.lproj/LaunchScreen.storyboard; sourceTree = "<group>"; };
		393FD09329D01198003292A9 /* Info.plist */ = {isa = PBXFileReference; lastKnownFileType = text.plist.xml; path = Info.plist; sourceTree = "<group>"; };
		395939A429D026720050CCEE /* Cignika-Bold.ttf */ = {isa = PBXFileReference; lastKnownFileType = file; path = "Cignika-Bold.ttf"; sourceTree = "<group>"; };
		395939A529D026720050CCEE /* Cignika-Light.ttf */ = {isa = PBXFileReference; lastKnownFileType = file; path = "Cignika-Light.ttf"; sourceTree = "<group>"; };
		395939A629D026720050CCEE /* Cignika-Semibold.ttf */ = {isa = PBXFileReference; lastKnownFileType = file; path = "Cignika-Semibold.ttf"; sourceTree = "<group>"; };
		395939A729D026720050CCEE /* Cignika-Regular.ttf */ = {isa = PBXFileReference; lastKnownFileType = file; path = "Cignika-Regular.ttf"; sourceTree = "<group>"; };
		395939AD29D032130050CCEE /* UIFont + Extension.swift */ = {isa = PBXFileReference; lastKnownFileType = sourcecode.swift; path = "UIFont + Extension.swift"; sourceTree = "<group>"; };
		AEDDDEFD052CBD8FF62F7A58 /* Pods-AutoLayoutCookProject.debug.xcconfig */ = {isa = PBXFileReference; includeInIndex = 1; lastKnownFileType = text.xcconfig; name = "Pods-AutoLayoutCookProject.debug.xcconfig"; path = "Target Support Files/Pods-AutoLayoutCookProject/Pods-AutoLayoutCookProject.debug.xcconfig"; sourceTree = "<group>"; };
		CDC4F1AC36169B116B7E8F43 /* Pods-AutoLayoutCookProject.release.xcconfig */ = {isa = PBXFileReference; includeInIndex = 1; lastKnownFileType = text.xcconfig; name = "Pods-AutoLayoutCookProject.release.xcconfig"; path = "Target Support Files/Pods-AutoLayoutCookProject/Pods-AutoLayoutCookProject.release.xcconfig"; sourceTree = "<group>"; };
/* End PBXFileReference section */

/* Begin PBXFrameworksBuildPhase section */
		393FD07F29D01196003292A9 /* Frameworks */ = {
			isa = PBXFrameworksBuildPhase;
			buildActionMask = 2147483647;
			files = (
				45F57F6889D98F469A6D7783 /* Pods_AutoLayoutCookProject.framework in Frameworks */,
			);
			runOnlyForDeploymentPostprocessing = 0;
		};
/* End PBXFrameworksBuildPhase section */

/* Begin PBXGroup section */
		393FD07929D01196003292A9 = {
			isa = PBXGroup;
			children = (
				393FD08429D01196003292A9 /* AutoLayoutCookProject */,
				393FD08329D01196003292A9 /* Products */,
				97D0AC35FF6DC7EAF542B3A5 /* Pods */,
				E78BDA4C153EEE05CB250703 /* Frameworks */,
			);
			sourceTree = "<group>";
		};
		393FD08329D01196003292A9 /* Products */ = {
			isa = PBXGroup;
			children = (
				393FD08229D01196003292A9 /* AutoLayoutCookProject.app */,
			);
			name = Products;
			sourceTree = "<group>";
		};
		393FD08429D01196003292A9 /* AutoLayoutCookProject */ = {
			isa = PBXGroup;
			children = (
				393FD08529D01196003292A9 /* AppDelegate.swift */,
				393FD08729D01196003292A9 /* SceneDelegate.swift */,
				393FD08929D01196003292A9 /* ViewController.swift */,
				395939AD29D032130050CCEE /* UIFont + Extension.swift */,
				395939AC29D026920050CCEE /* Fonts */,
				393FD08B29D01196003292A9 /* Main.storyboard */,
				393FD08E29D01198003292A9 /* Assets.xcassets */,
				393FD09029D01198003292A9 /* LaunchScreen.storyboard */,
				393FD09329D01198003292A9 /* Info.plist */,
			);
			path = AutoLayoutCookProject;
			sourceTree = "<group>";
		};
		395939A329D026720050CCEE /* Cignika */ = {
			isa = PBXGroup;
			children = (
				395939A429D026720050CCEE /* Cignika-Bold.ttf */,
				395939A529D026720050CCEE /* Cignika-Light.ttf */,
				395939A629D026720050CCEE /* Cignika-Semibold.ttf */,
				395939A729D026720050CCEE /* Cignika-Regular.ttf */,
			);
			path = Cignika;
			sourceTree = "<group>";
		};
		395939AC29D026920050CCEE /* Fonts */ = {
			isa = PBXGroup;
			children = (
				395939A329D026720050CCEE /* Cignika */,
			);
			path = Fonts;
			sourceTree = "<group>";
		};
		97D0AC35FF6DC7EAF542B3A5 /* Pods */ = {
			isa = PBXGroup;
			children = (
				AEDDDEFD052CBD8FF62F7A58 /* Pods-AutoLayoutCookProject.debug.xcconfig */,
				CDC4F1AC36169B116B7E8F43 /* Pods-AutoLayoutCookProject.release.xcconfig */,
			);
			path = Pods;
			sourceTree = "<group>";
		};
		E78BDA4C153EEE05CB250703 /* Frameworks */ = {
			isa = PBXGroup;
			children = (
				095E594CC8AF445B3005841E /* Pods_AutoLayoutCookProject.framework */,
			);
			name = Frameworks;
			sourceTree = "<group>";
		};
/* End PBXGroup section */

/* Begin PBXNativeTarget section */
		393FD08129D01196003292A9 /* AutoLayoutCookProject */ = {
			isa = PBXNativeTarget;
			buildConfigurationList = 393FD09629D01198003292A9 /* Build configuration list for PBXNativeTarget "AutoLayoutCookProject" */;
			buildPhases = (
				754A5B2A318987EE71FE2ADD /* [CP] Check Pods Manifest.lock */,
				393FD07E29D01196003292A9 /* Sources */,
				393FD07F29D01196003292A9 /* Frameworks */,
				393FD08029D01196003292A9 /* Resources */,
				E95A51D9A03537A274A61195 /* [CP] Embed Pods Frameworks */,
			);
			buildRules = (
			);
			dependencies = (
			);
			name = AutoLayoutCookProject;
			packageProductDependencies = (
			);
			productName = AutoLayoutCookProject;
			productReference = 393FD08229D01196003292A9 /* AutoLayoutCookProject.app */;
			productType = "com.apple.product-type.application";
		};
/* End PBXNativeTarget section */

/* Begin PBXProject section */
		393FD07A29D01196003292A9 /* Project object */ = {
			isa = PBXProject;
			attributes = {
				BuildIndependentTargetsInParallel = 1;
				LastSwiftUpdateCheck = 1400;
				LastUpgradeCheck = 1400;
				TargetAttributes = {
					393FD08129D01196003292A9 = {
						CreatedOnToolsVersion = 14.0;
					};
				};
			};
			buildConfigurationList = 393FD07D29D01196003292A9 /* Build configuration list for PBXProject "AutoLayoutCookProject" */;
			compatibilityVersion = "Xcode 14.0";
			developmentRegion = en;
			hasScannedForEncodings = 0;
			knownRegions = (
				en,
				Base,
			);
			mainGroup = 393FD07929D01196003292A9;
			packageReferences = (
			);
			productRefGroup = 393FD08329D01196003292A9 /* Products */;
			projectDirPath = "";
			projectRoot = "";
			targets = (
				393FD08129D01196003292A9 /* AutoLayoutCookProject */,
			);
		};
/* End PBXProject section */

/* Begin PBXResourcesBuildPhase section */
		393FD08029D01196003292A9 /* Resources */ = {
			isa = PBXResourcesBuildPhase;
			buildActionMask = 2147483647;
			files = (
				395939AA29D026720050CCEE /* Cignika-Semibold.ttf in Resources */,
				395939A829D026720050CCEE /* Cignika-Bold.ttf in Resources */,
				395939A929D026720050CCEE /* Cignika-Light.ttf in Resources */,
				393FD09229D01198003292A9 /* LaunchScreen.storyboard in Resources */,
				395939AB29D026720050CCEE /* Cignika-Regular.ttf in Resources */,
				393FD08F29D01198003292A9 /* Assets.xcassets in Resources */,
				393FD08D29D01196003292A9 /* Main.storyboard in Resources */,
			);
			runOnlyForDeploymentPostprocessing = 0;
		};
/* End PBXResourcesBuildPhase section */

/* Begin PBXShellScriptBuildPhase section */
		754A5B2A318987EE71FE2ADD /* [CP] Check Pods Manifest.lock */ = {
			isa = PBXShellScriptBuildPhase;
			buildActionMask = 2147483647;
			files = (
			);
			inputFileListPaths = (
			);
			inputPaths = (
				"${PODS_PODFILE_DIR_PATH}/Podfile.lock",
				"${PODS_ROOT}/Manifest.lock",
			);
			name = "[CP] Check Pods Manifest.lock";
			outputFileListPaths = (
			);
			outputPaths = (
				"$(DERIVED_FILE_DIR)/Pods-AutoLayoutCookProject-checkManifestLockResult.txt",
			);
			runOnlyForDeploymentPostprocessing = 0;
			shellPath = /bin/sh;
			shellScript = "diff \"${PODS_PODFILE_DIR_PATH}/Podfile.lock\" \"${PODS_ROOT}/Manifest.lock\" > /dev/null\nif [ $? != 0 ] ; then\n    # print error to STDERR\n    echo \"error: The sandbox is not in sync with the Podfile.lock. Run 'pod install' or update your CocoaPods installation.\" >&2\n    exit 1\nfi\n# This output is used by Xcode 'outputs' to avoid re-running this script phase.\necho \"SUCCESS\" > \"${SCRIPT_OUTPUT_FILE_0}\"\n";
			showEnvVarsInLog = 0;
		};
		E95A51D9A03537A274A61195 /* [CP] Embed Pods Frameworks */ = {
			isa = PBXShellScriptBuildPhase;
			buildActionMask = 2147483647;
			files = (
			);
			inputFileListPaths = (
				"${PODS_ROOT}/Target Support Files/Pods-AutoLayoutCookProject/Pods-AutoLayoutCookProject-frameworks-${CONFIGURATION}-input-files.xcfilelist",
			);
			name = "[CP] Embed Pods Frameworks";
			outputFileListPaths = (
				"${PODS_ROOT}/Target Support Files/Pods-AutoLayoutCookProject/Pods-AutoLayoutCookProject-frameworks-${CONFIGURATION}-output-files.xcfilelist",
			);
			runOnlyForDeploymentPostprocessing = 0;
			shellPath = /bin/sh;
			shellScript = "\"${PODS_ROOT}/Target Support Files/Pods-AutoLayoutCookProject/Pods-AutoLayoutCookProject-frameworks.sh\"\n";
			showEnvVarsInLog = 0;
		};
/* End PBXShellScriptBuildPhase section */

/* Begin PBXSourcesBuildPhase section */
		393FD07E29D01196003292A9 /* Sources */ = {
			isa = PBXSourcesBuildPhase;
			buildActionMask = 2147483647;
			files = (
				395939AE29D032130050CCEE /* UIFont + Extension.swift in Sources */,
				393FD08A29D01196003292A9 /* ViewController.swift in Sources */,
				393FD08629D01196003292A9 /* AppDelegate.swift in Sources */,
				393FD08829D01196003292A9 /* SceneDelegate.swift in Sources */,
			);
			runOnlyForDeploymentPostprocessing = 0;
		};
/* End PBXSourcesBuildPhase section */

/* Begin PBXVariantGroup section */
		393FD08B29D01196003292A9 /* Main.storyboard */ = {
			isa = PBXVariantGroup;
			children = (
				393FD08C29D01196003292A9 /* Base */,
			);
			name = Main.storyboard;
			sourceTree = "<group>";
		};
		393FD09029D01198003292A9 /* LaunchScreen.storyboard */ = {
			isa = PBXVariantGroup;
			children = (
				393FD09129D01198003292A9 /* Base */,
			);
			name = LaunchScreen.storyboard;
			sourceTree = "<group>";
		};
/* End PBXVariantGroup section */

/* Begin XCBuildConfiguration section */
		393FD09429D01198003292A9 /* Debug */ = {
			isa = XCBuildConfiguration;
			buildSettings = {
				ALWAYS_SEARCH_USER_PATHS = NO;
				CLANG_ANALYZER_NONNULL = YES;
				CLANG_ANALYZER_NUMBER_OBJECT_CONVERSION = YES_AGGRESSIVE;
				CLANG_CXX_LANGUAGE_STANDARD = "gnu++20";
				CLANG_ENABLE_MODULES = YES;
				CLANG_ENABLE_OBJC_ARC = YES;
				CLANG_ENABLE_OBJC_WEAK = YES;
				CLANG_WARN_BLOCK_CAPTURE_AUTORELEASING = YES;
				CLANG_WARN_BOOL_CONVERSION = YES;
				CLANG_WARN_COMMA = YES;
				CLANG_WARN_CONSTANT_CONVERSION = YES;
				CLANG_WARN_DEPRECATED_OBJC_IMPLEMENTATIONS = YES;
				CLANG_WARN_DIRECT_OBJC_ISA_USAGE = YES_ERROR;
				CLANG_WARN_DOCUMENTATION_COMMENTS = YES;
				CLANG_WARN_EMPTY_BODY = YES;
				CLANG_WARN_ENUM_CONVERSION = YES;
				CLANG_WARN_INFINITE_RECURSION = YES;
				CLANG_WARN_INT_CONVERSION = YES;
				CLANG_WARN_NON_LITERAL_NULL_CONVERSION = YES;
				CLANG_WARN_OBJC_IMPLICIT_RETAIN_SELF = YES;
				CLANG_WARN_OBJC_LITERAL_CONVERSION = YES;
				CLANG_WARN_OBJC_ROOT_CLASS = YES_ERROR;
				CLANG_WARN_QUOTED_INCLUDE_IN_FRAMEWORK_HEADER = YES;
				CLANG_WARN_RANGE_LOOP_ANALYSIS = YES;
				CLANG_WARN_STRICT_PROTOTYPES = YES;
				CLANG_WARN_SUSPICIOUS_MOVE = YES;
				CLANG_WARN_UNGUARDED_AVAILABILITY = YES_AGGRESSIVE;
				CLANG_WARN_UNREACHABLE_CODE = YES;
				CLANG_WARN__DUPLICATE_METHOD_MATCH = YES;
				COPY_PHASE_STRIP = NO;
				DEBUG_INFORMATION_FORMAT = dwarf;
				ENABLE_STRICT_OBJC_MSGSEND = YES;
				ENABLE_TESTABILITY = YES;
				GCC_C_LANGUAGE_STANDARD = gnu11;
				GCC_DYNAMIC_NO_PIC = NO;
				GCC_NO_COMMON_BLOCKS = YES;
				GCC_OPTIMIZATION_LEVEL = 0;
				GCC_PREPROCESSOR_DEFINITIONS = (
					"DEBUG=1",
					"$(inherited)",
				);
				GCC_WARN_64_TO_32_BIT_CONVERSION = YES;
				GCC_WARN_ABOUT_RETURN_TYPE = YES_ERROR;
				GCC_WARN_UNDECLARED_SELECTOR = YES;
				GCC_WARN_UNINITIALIZED_AUTOS = YES_AGGRESSIVE;
				GCC_WARN_UNUSED_FUNCTION = YES;
				GCC_WARN_UNUSED_VARIABLE = YES;
				IPHONEOS_DEPLOYMENT_TARGET = 16.0;
				MTL_ENABLE_DEBUG_INFO = INCLUDE_SOURCE;
				MTL_FAST_MATH = YES;
				ONLY_ACTIVE_ARCH = YES;
				SDKROOT = iphoneos;
				SWIFT_ACTIVE_COMPILATION_CONDITIONS = DEBUG;
				SWIFT_OPTIMIZATION_LEVEL = "-Onone";
			};
			name = Debug;
		};
		393FD09529D01198003292A9 /* Release */ = {
			isa = XCBuildConfiguration;
			buildSettings = {
				ALWAYS_SEARCH_USER_PATHS = NO;
				CLANG_ANALYZER_NONNULL = YES;
				CLANG_ANALYZER_NUMBER_OBJECT_CONVERSION = YES_AGGRESSIVE;
				CLANG_CXX_LANGUAGE_STANDARD = "gnu++20";
				CLANG_ENABLE_MODULES = YES;
				CLANG_ENABLE_OBJC_ARC = YES;
				CLANG_ENABLE_OBJC_WEAK = YES;
				CLANG_WARN_BLOCK_CAPTURE_AUTORELEASING = YES;
				CLANG_WARN_BOOL_CONVERSION = YES;
				CLANG_WARN_COMMA = YES;
				CLANG_WARN_CONSTANT_CONVERSION = YES;
				CLANG_WARN_DEPRECATED_OBJC_IMPLEMENTATIONS = YES;
				CLANG_WARN_DIRECT_OBJC_ISA_USAGE = YES_ERROR;
				CLANG_WARN_DOCUMENTATION_COMMENTS = YES;
				CLANG_WARN_EMPTY_BODY = YES;
				CLANG_WARN_ENUM_CONVERSION = YES;
				CLANG_WARN_INFINITE_RECURSION = YES;
				CLANG_WARN_INT_CONVERSION = YES;
				CLANG_WARN_NON_LITERAL_NULL_CONVERSION = YES;
				CLANG_WARN_OBJC_IMPLICIT_RETAIN_SELF = YES;
				CLANG_WARN_OBJC_LITERAL_CONVERSION = YES;
				CLANG_WARN_OBJC_ROOT_CLASS = YES_ERROR;
				CLANG_WARN_QUOTED_INCLUDE_IN_FRAMEWORK_HEADER = YES;
				CLANG_WARN_RANGE_LOOP_ANALYSIS = YES;
				CLANG_WARN_STRICT_PROTOTYPES = YES;
				CLANG_WARN_SUSPICIOUS_MOVE = YES;
				CLANG_WARN_UNGUARDED_AVAILABILITY = YES_AGGRESSIVE;
				CLANG_WARN_UNREACHABLE_CODE = YES;
				CLANG_WARN__DUPLICATE_METHOD_MATCH = YES;
				COPY_PHASE_STRIP = NO;
				DEBUG_INFORMATION_FORMAT = "dwarf-with-dsym";
				ENABLE_NS_ASSERTIONS = NO;
				ENABLE_STRICT_OBJC_MSGSEND = YES;
				GCC_C_LANGUAGE_STANDARD = gnu11;
				GCC_NO_COMMON_BLOCKS = YES;
				GCC_WARN_64_TO_32_BIT_CONVERSION = YES;
				GCC_WARN_ABOUT_RETURN_TYPE = YES_ERROR;
				GCC_WARN_UNDECLARED_SELECTOR = YES;
				GCC_WARN_UNINITIALIZED_AUTOS = YES_AGGRESSIVE;
				GCC_WARN_UNUSED_FUNCTION = YES;
				GCC_WARN_UNUSED_VARIABLE = YES;
				IPHONEOS_DEPLOYMENT_TARGET = 16.0;
				MTL_ENABLE_DEBUG_INFO = NO;
				MTL_FAST_MATH = YES;
				SDKROOT = iphoneos;
				SWIFT_COMPILATION_MODE = wholemodule;
				SWIFT_OPTIMIZATION_LEVEL = "-O";
				VALIDATE_PRODUCT = YES;
			};
			name = Release;
		};
		393FD09729D01198003292A9 /* Debug */ = {
			isa = XCBuildConfiguration;
			baseConfigurationReference = AEDDDEFD052CBD8FF62F7A58 /* Pods-AutoLayoutCookProject.debug.xcconfig */;
			buildSettings = {
				ASSETCATALOG_COMPILER_APPICON_NAME = AppIcon;
				ASSETCATALOG_COMPILER_GLOBAL_ACCENT_COLOR_NAME = AccentColor;
				CODE_SIGN_STYLE = Automatic;
				CURRENT_PROJECT_VERSION = 1;
				GENERATE_INFOPLIST_FILE = YES;
				INFOPLIST_FILE = AutoLayoutCookProject/Info.plist;
				INFOPLIST_KEY_UIApplicationSupportsIndirectInputEvents = YES;
				INFOPLIST_KEY_UILaunchStoryboardName = LaunchScreen;
				INFOPLIST_KEY_UIMainStoryboardFile = Main;
				INFOPLIST_KEY_UISupportedInterfaceOrientations_iPad = "UIInterfaceOrientationPortrait UIInterfaceOrientationPortraitUpsideDown UIInterfaceOrientationLandscapeLeft UIInterfaceOrientationLandscapeRight";
				INFOPLIST_KEY_UISupportedInterfaceOrientations_iPhone = "UIInterfaceOrientationPortrait UIInterfaceOrientationLandscapeLeft UIInterfaceOrientationLandscapeRight";
				LD_RUNPATH_SEARCH_PATHS = (
					"$(inherited)",
					"@executable_path/Frameworks",
				);
				MARKETING_VERSION = 1.0;
				PRODUCT_BUNDLE_IDENTIFIER = makefromala.AutoLayoutCookProject;
				PRODUCT_NAME = "$(TARGET_NAME)";
				SWIFT_EMIT_LOC_STRINGS = YES;
				SWIFT_VERSION = 5.0;
				TARGETED_DEVICE_FAMILY = "1,2";
			};
			name = Debug;
		};
		393FD09829D01198003292A9 /* Release */ = {
			isa = XCBuildConfiguration;
			baseConfigurationReference = CDC4F1AC36169B116B7E8F43 /* Pods-AutoLayoutCookProject.release.xcconfig */;
			buildSettings = {
				ASSETCATALOG_COMPILER_APPICON_NAME = AppIcon;
				ASSETCATALOG_COMPILER_GLOBAL_ACCENT_COLOR_NAME = AccentColor;
				CODE_SIGN_STYLE = Automatic;
				CURRENT_PROJECT_VERSION = 1;
				GENERATE_INFOPLIST_FILE = YES;
				INFOPLIST_FILE = AutoLayoutCookProject/Info.plist;
				INFOPLIST_KEY_UIApplicationSupportsIndirectInputEvents = YES;
				INFOPLIST_KEY_UILaunchStoryboardName = LaunchScreen;
				INFOPLIST_KEY_UIMainStoryboardFile = Main;
				INFOPLIST_KEY_UISupportedInterfaceOrientations_iPad = "UIInterfaceOrientationPortrait UIInterfaceOrientationPortraitUpsideDown UIInterfaceOrientationLandscapeLeft UIInterfaceOrientationLandscapeRight";
				INFOPLIST_KEY_UISupportedInterfaceOrientations_iPhone = "UIInterfaceOrientationPortrait UIInterfaceOrientationLandscapeLeft UIInterfaceOrientationLandscapeRight";
				LD_RUNPATH_SEARCH_PATHS = (
					"$(inherited)",
					"@executable_path/Frameworks",
				);
				MARKETING_VERSION = 1.0;
				PRODUCT_BUNDLE_IDENTIFIER = makefromala.AutoLayoutCookProject;
				PRODUCT_NAME = "$(TARGET_NAME)";
				SWIFT_EMIT_LOC_STRINGS = YES;
				SWIFT_VERSION = 5.0;
				TARGETED_DEVICE_FAMILY = "1,2";
			};
			name = Release;
		};
/* End XCBuildConfiguration section */

/* Begin XCConfigurationList section */
		393FD07D29D01196003292A9 /* Build configuration list for PBXProject "AutoLayoutCookProject" */ = {
			isa = XCConfigurationList;
			buildConfigurations = (
				393FD09429D01198003292A9 /* Debug */,
				393FD09529D01198003292A9 /* Release */,
			);
			defaultConfigurationIsVisible = 0;
			defaultConfigurationName = Release;
		};
		393FD09629D01198003292A9 /* Build configuration list for PBXNativeTarget "AutoLayoutCookProject" */ = {
			isa = XCConfigurationList;
			buildConfigurations = (
				393FD09729D01198003292A9 /* Debug */,
				393FD09829D01198003292A9 /* Release */,
			);
			defaultConfigurationIsVisible = 0;
			defaultConfigurationName = Release;
		};
/* End XCConfigurationList section */
	};
	rootObject = 393FD07A29D01196003292A9 /* Project object */;
}
